
Microsoft Visual Studio Solution File, Format Version 12.00
# Visual Studio 2013
VisualStudioVersion = 12.0.40629.0
MinimumVisualStudioVersion = 10.0.40219.1
Project("{FAE04EC0-301F-11D3-BF4B-00C04F79EFBC}") = "Client", "Client\Client\Client.csproj", "{E46DB878-6DC5-4969-A04A-F3857003B12D}"
EndProject
Project("{FAE04EC0-301F-11D3-BF4B-00C04F79EFBC}") = "ControllerUSB", "ControllerUSB\ControllerUSB.csproj", "{77C0F0DB-0A3B-4E5D-891F-CE7ACCFDBE05}"
EndProject
Project("{FAE04EC0-301F-11D3-BF4B-00C04F79EFBC}") = "ControllerETH", "ControllerETH\ControllerETH.csproj", "{A6A3DFB8-AA70-4406-9198-4DED6188B2AF}"
EndProject
Global
	GlobalSection(SolutionConfigurationPlatforms) = preSolution
		Debug|Any CPU = Debug|Any CPU
		Debug|Itanium = Debug|Itanium
		Debug|Mixed Platforms = Debug|Mixed Platforms
		Debug|Win32 = Debug|Win32
		Release|Any CPU = Release|Any CPU
		Release|Itanium = Release|Itanium
		Release|Mixed Platforms = Release|Mixed Platforms
		Release|Win32 = Release|Win32
	EndGlobalSection
	GlobalSection(ProjectConfigurationPlatforms) = postSolution
		{E46DB878-6DC5-4969-A04A-F3857003B12D}.Debug|Any CPU.ActiveCfg = Debug|Any CPU
		{E46DB878-6DC5-4969-A04A-F3857003B12D}.Debug|Any CPU.Build.0 = Debug|Any CPU
		{E46DB878-6DC5-4969-A04A-F3857003B12D}.Debug|Itanium.ActiveCfg = Debug|Any CPU
		{E46DB878-6DC5-4969-A04A-F3857003B12D}.Debug|Mixed Platforms.ActiveCfg = Debug|Any CPU
		{E46DB878-6DC5-4969-A04A-F3857003B12D}.Debug|Win32.ActiveCfg = Debug|Any CPU
		{E46DB878-6DC5-4969-A04A-F3857003B12D}.Release|Any CPU.ActiveCfg = Release|Any CPU
		{E46DB878-6DC5-4969-A04A-F3857003B12D}.Release|Any CPU.Build.0 = Release|Any CPU
		{E46DB878-6DC5-4969-A04A-F3857003B12D}.Release|Itanium.ActiveCfg = Release|Any CPU
		{E46DB878-6DC5-4969-A04A-F3857003B12D}.Release|Mixed Platforms.ActiveCfg = Release|Any CPU
		{E46DB878-6DC5-4969-A04A-F3857003B12D}.Release|Mixed Platforms.Build.0 = Release|Any CPU
		{E46DB878-6DC5-4969-A04A-F3857003B12D}.Release|Win32.ActiveCfg = Release|Any CPU
		{77C0F0DB-0A3B-4E5D-891F-CE7ACCFDBE05}.Debug|Any CPU.ActiveCfg = Debug|Any CPU
		{77C0F0DB-0A3B-4E5D-891F-CE7ACCFDBE05}.Debug|Any CPU.Build.0 = Debug|Any CPU
		{77C0F0DB-0A3B-4E5D-891F-CE7ACCFDBE05}.Debug|Itanium.ActiveCfg = Debug|Any CPU
		{77C0F0DB-0A3B-4E5D-891F-CE7ACCFDBE05}.Debug|Mixed Platforms.ActiveCfg = Debug|Any CPU
		{77C0F0DB-0A3B-4E5D-891F-CE7ACCFDBE05}.Debug|Win32.ActiveCfg = Debug|Any CPU
		{77C0F0DB-0A3B-4E5D-891F-CE7ACCFDBE05}.Release|Any CPU.ActiveCfg = Release|Any CPU
		{77C0F0DB-0A3B-4E5D-891F-CE7ACCFDBE05}.Release|Any CPU.Build.0 = Release|Any CPU
		{77C0F0DB-0A3B-4E5D-891F-CE7ACCFDBE05}.Release|Itanium.ActiveCfg = Release|Any CPU
		{77C0F0DB-0A3B-4E5D-891F-CE7ACCFDBE05}.Release|Mixed Platforms.ActiveCfg = Release|Any CPU
		{77C0F0DB-0A3B-4E5D-891F-CE7ACCFDBE05}.Release|Mixed Platforms.Build.0 = Release|Any CPU
		{77C0F0DB-0A3B-4E5D-891F-CE7ACCFDBE05}.Release|Win32.ActiveCfg = Release|Any CPU
		{A6A3DFB8-AA70-4406-9198-4DED6188B2AF}.Debug|Any CPU.ActiveCfg = Debug|Any CPU
		{A6A3DFB8-AA70-4406-9198-4DED6188B2AF}.Debug|Any CPU.Build.0 = Debug|Any CPU
		{A6A3DFB8-AA70-4406-9198-4DED6188B2AF}.Debug|Itanium.ActiveCfg = Debug|Any CPU
		{A6A3DFB8-AA70-4406-9198-4DED6188B2AF}.Debug|Mixed Platforms.ActiveCfg = Debug|Any CPU
		{A6A3DFB8-AA70-4406-9198-4DED6188B2AF}.Debug|Win32.ActiveCfg = Debug|Any CPU
		{A6A3DFB8-AA70-4406-9198-4DED6188B2AF}.Release|Any CPU.ActiveCfg = Release|Any CPU
		{A6A3DFB8-AA70-4406-9198-4DED6188B2AF}.Release|Any CPU.Build.0 = Release|Any CPU
		{A6A3DFB8-AA70-4406-9198-4DED6188B2AF}.Release|Itanium.ActiveCfg = Release|Any CPU
		{A6A3DFB8-AA70-4406-9198-4DED6188B2AF}.Release|Mixed Platforms.ActiveCfg = Release|Any CPU
		{A6A3DFB8-AA70-4406-9198-4DED6188B2AF}.Release|Mixed Platforms.Build.0 = Release|Any CPU
		{A6A3DFB8-AA70-4406-9198-4DED6188B2AF}.Release|Win32.ActiveCfg = Release|Any CPU
	EndGlobalSection
	GlobalSection(SolutionProperties) = preSolution
		HideSolutionNode = FALSE
	EndGlobalSection
EndGlobal
