<?xml version="1.0" encoding="utf-8"?>
<Project ToolsVersion="4.0" xmlns="http://schemas.microsoft.com/developer/msbuild/2003">
  <ItemGroup>
    <Filter Include="Source Files">
      <UniqueIdentifier>{4FC737F1-C7A5-4376-A066-2A32D752A2FF}</UniqueIdentifier>
      <Extensions>cpp;c;cc;cxx;def;odl;idl;hpj;bat;asm;asmx</Extensions>
    </Filter>
    <Filter Include="Header Files">
      <UniqueIdentifier>{93995380-89BD-4b04-88EB-625FBE52EBFB}</UniqueIdentifier>
      <Extensions>h;hpp;hxx;hm;inl;inc;xsd</Extensions>
    </Filter>
    <Filter Include="Resource Files">
      <UniqueIdentifier>{67DA6AB6-F800-4c08-8B7A-83BB121AAD01}</UniqueIdentifier>
      <Extensions>rc;ico;cur;bmp;dlg;rc2;rct;bin;rgs;gif;jpg;jpeg;jpe;resx;tiff;tif;png;wav</Extensions>
    </Filter>
    <Filter Include="libs">
      <UniqueIdentifier>{858fb0c1-a909-4b80-b540-72cfbf24e8ad}</UniqueIdentifier>
    </Filter>
  </ItemGroup>
  <ItemGroup>
    <ClCompile Include="source\RTX_Conf_CM.c">
      <Filter>Source Files</Filter>
    </ClCompile>
    <ClCompile Include="source\_SCPI\SCPI_machinery.c">
      <Filter>Source Files</Filter>
    </ClCompile>
    <ClCompile Include="source\Siluet_Control.c">
      <Filter>Source Files</Filter>
    </ClCompile>
    <ClCompile Include="source\Siluet_Display.c">
      <Filter>Source Files</Filter>
    </ClCompile>
    <ClCompile Include="source\Siluet_Interface.c">
      <Filter>Source Files</Filter>
    </ClCompile>
    <ClCompile Include="source\Siluet_Main.c">
      <Filter>Source Files</Filter>
    </ClCompile>
    <ClCompile Include="source\Siluet_Signal.c">
      <Filter>Source Files</Filter>
    </ClCompile>
    <ClCompile Include="source\Siluet_Signal_.c">
      <Filter>Source Files</Filter>
    </ClCompile>
    <ClCompile Include="source\system_stm32f2xx.c">
      <Filter>Source Files</Filter>
    </ClCompile>
  </ItemGroup>
  <ItemGroup>
    <ClInclude Include="source\FFT_Windows.h">
      <Filter>Header Files</Filter>
    </ClInclude>
    <ClInclude Include="source\s1d13706.h">
      <Filter>Header Files</Filter>
    </ClInclude>
    <ClInclude Include="source\_SCPI\SCPI_defines.h">
      <Filter>Header Files</Filter>
    </ClInclude>
    <ClInclude Include="source\_SCPI\SCPI_include.h">
      <Filter>Header Files</Filter>
    </ClInclude>
    <ClInclude Include="source\Siluet_Control.h">
      <Filter>Header Files</Filter>
    </ClInclude>
    <ClInclude Include="source\Siluet_Display.h">
      <Filter>Header Files</Filter>
    </ClInclude>
    <ClInclude Include="source\Siluet_Fonts.h">
      <Filter>Header Files</Filter>
    </ClInclude>
    <ClInclude Include="source\Siluet_Interface.h">
      <Filter>Header Files</Filter>
    </ClInclude>
    <ClInclude Include="source\Siluet_Main.h">
      <Filter>Header Files</Filter>
    </ClInclude>
    <ClInclude Include="source\Siluet_Signal.h">
      <Filter>Header Files</Filter>
    </ClInclude>
    <ClInclude Include="source\stm32f2xx.h">
      <Filter>Header Files</Filter>
    </ClInclude>
    <ClInclude Include="source\system_stm32f2xx.h">
      <Filter>Header Files</Filter>
    </ClInclude>
  </ItemGroup>
</Project>