<?xml version="1.0" encoding="utf-8"?>
<Project ToolsVersion="4.0" xmlns="http://schemas.microsoft.com/developer/msbuild/2003">
  <ItemGroup>
    <ClCompile Include="..\..\S8-54\Bootloader\src\main.c" />
    <ClCompile Include="..\..\STM32Cube_FW_F4\Drivers\STM32F4xx_HAL_Driver\Src\stm32f4xx_hal_flash.c">
      <Filter>HAL</Filter>
    </ClCompile>
    <ClCompile Include="..\..\STM32Cube_FW_F4\Drivers\STM32F4xx_HAL_Driver\Src\stm32f4xx_hal_flash_ex.c">
      <Filter>HAL</Filter>
    </ClCompile>
    <ClCompile Include="..\..\STM32Cube_FW_F4\Drivers\STM32F4xx_HAL_Driver\Src\stm32f4xx_hal.c">
      <Filter>HAL</Filter>
    </ClCompile>
    <ClCompile Include="..\..\STM32Cube_FW_F4\Drivers\STM32F4xx_HAL_Driver\Src\stm32f4xx_hal_cortex.c">
      <Filter>HAL</Filter>
    </ClCompile>
    <ClCompile Include="..\..\S8-54\Bootloader\src\globals.c" />
    <ClCompile Include="..\..\S8-54\Bootloader\src\libs\system_stm32f4xx.c">
      <Filter>libs</Filter>
    </ClCompile>
    <ClCompile Include="..\..\S8-54\Bootloader\src\libs\usbh_conf.c">
      <Filter>libs</Filter>
    </ClCompile>
    <ClCompile Include="..\..\S8-54\Bootloader\src\FlashDrive\FlashDrive.c">
      <Filter>FlashDrive</Filter>
    </ClCompile>
    <ClCompile Include="..\..\S8-54\Bootloader\src\Hardware\FLASH.c">
      <Filter>Hardware</Filter>
    </ClCompile>
    <ClCompile Include="..\..\S8-54\Bootloader\src\libs\stm32f4xx_hal_msp.c">
      <Filter>libs</Filter>
    </ClCompile>
    <ClCompile Include="..\..\S8-54\Bootloader\src\Display\Display.c">
      <Filter>Display</Filter>
    </ClCompile>
    <ClCompile Include="..\..\S8-54\Bootloader\src\Display\Painter.c">
      <Filter>Display</Filter>
    </ClCompile>
    <ClCompile Include="..\..\S8-54\Bootloader\src\Display\Colors.c">
      <Filter>Display</Filter>
    </ClCompile>
    <ClCompile Include="..\..\S8-54\Bootloader\src\Display\PainterText.c">
      <Filter>Display</Filter>
    </ClCompile>
    <ClCompile Include="..\..\S8-54\Bootloader\src\Settings\Settings.c">
      <Filter>Settings</Filter>
    </ClCompile>
    <ClCompile Include="..\..\S8-54\Bootloader\src\Panel\Controls.c">
      <Filter>Panel</Filter>
    </ClCompile>
    <ClCompile Include="..\..\S8-54\Bootloader\src\Panel\Panel.c">
      <Filter>Panel</Filter>
    </ClCompile>
    <ClCompile Include="..\..\S8-54\Bootloader\src\Panel\PanelFunctions.c">
      <Filter>Panel</Filter>
    </ClCompile>
    <ClCompile Include="..\..\S8-54\Bootloader\src\Hardware\FSMC.c">
      <Filter>Hardware</Filter>
    </ClCompile>
    <ClCompile Include="..\..\S8-54\Bootloader\src\Hardware\Hardware.c">
      <Filter>Hardware</Filter>
    </ClCompile>
    <ClCompile Include="..\..\S8-54\Bootloader\src\Hardware\Timer.c">
      <Filter>Hardware</Filter>
    </ClCompile>
    <ClCompile Include="..\..\S8-54\Bootloader\src\Utils\GlobalFunctions.c">
      <Filter>Utils</Filter>
    </ClCompile>
    <ClCompile Include="..\..\S8-54\Bootloader\src\Utils\Math.c">
      <Filter>Utils</Filter>
    </ClCompile>
    <ClCompile Include="..\..\STM32Cube_FW_F4\Drivers\STM32F4xx_HAL_Driver\Src\stm32f4xx_hal_dma.c">
      <Filter>HAL</Filter>
    </ClCompile>
    <ClCompile Include="..\..\STM32Cube_FW_F4\Drivers\STM32F4xx_HAL_Driver\Src\stm32f4xx_hal_gpio.c">
      <Filter>HAL</Filter>
    </ClCompile>
    <ClCompile Include="..\..\STM32Cube_FW_F4\Drivers\STM32F4xx_HAL_Driver\Src\stm32f4xx_hal_hcd.c">
      <Filter>HAL</Filter>
    </ClCompile>
    <ClCompile Include="..\..\STM32Cube_FW_F4\Drivers\STM32F4xx_HAL_Driver\Src\stm32f4xx_hal_rcc.c">
      <Filter>HAL</Filter>
    </ClCompile>
    <ClCompile Include="..\..\STM32Cube_FW_F4\Drivers\STM32F4xx_HAL_Driver\Src\stm32f4xx_hal_spi.c">
      <Filter>HAL</Filter>
    </ClCompile>
    <ClCompile Include="..\..\STM32Cube_FW_F4\Drivers\STM32F4xx_HAL_Driver\Src\stm32f4xx_hal_sram.c">
      <Filter>HAL</Filter>
    </ClCompile>
    <ClCompile Include="..\..\STM32Cube_FW_F4\Drivers\STM32F4xx_HAL_Driver\Src\stm32f4xx_hal_tim.c">
      <Filter>HAL</Filter>
    </ClCompile>
    <ClCompile Include="..\..\STM32Cube_FW_F4\Drivers\STM32F4xx_HAL_Driver\Src\stm32f4xx_hal_tim_ex.c">
      <Filter>HAL</Filter>
    </ClCompile>
    <ClCompile Include="..\..\STM32Cube_FW_F4\Drivers\STM32F4xx_HAL_Driver\Src\stm32f4xx_ll_fmc.c">
      <Filter>HAL</Filter>
    </ClCompile>
    <ClCompile Include="..\..\STM32Cube_FW_F4\Drivers\STM32F4xx_HAL_Driver\Src\stm32f4xx_ll_usb.c">
      <Filter>HAL</Filter>
    </ClCompile>
    <ClCompile Include="..\..\STM32Cube_FW_F4\Middlewares\Third_Party\FatFs\src\diskio.c">
      <Filter>FatFS</Filter>
    </ClCompile>
    <ClCompile Include="..\..\STM32Cube_FW_F4\Middlewares\Third_Party\FatFs\src\ff.c">
      <Filter>FatFS</Filter>
    </ClCompile>
    <ClCompile Include="..\..\STM32Cube_FW_F4\Middlewares\Third_Party\FatFs\src\ff_gen_drv.c">
      <Filter>FatFS</Filter>
    </ClCompile>
    <ClCompile Include="..\..\STM32Cube_FW_F4\Middlewares\Third_Party\FatFs\src\option\unicode.c">
      <Filter>FatFS</Filter>
    </ClCompile>
    <ClCompile Include="..\..\STM32Cube_FW_F4\Middlewares\Third_Party\FatFs\src\drivers\usbh_diskio.c">
      <Filter>FatFS</Filter>
    </ClCompile>
    <ClCompile Include="..\..\STM32Cube_FW_F4\Middlewares\Third_Party\FatFs\src\option\syscall.c">
      <Filter>FatFS</Filter>
    </ClCompile>
    <ClCompile Include="..\..\STM32Cube_FW_F4\Middlewares\ST\STM32_USB_Host_Library\Class\MSC\Src\usbh_msc.c">
      <Filter>USBH</Filter>
    </ClCompile>
    <ClCompile Include="..\..\STM32Cube_FW_F4\Middlewares\ST\STM32_USB_Host_Library\Class\MSC\Src\usbh_msc_bot.c">
      <Filter>USBH</Filter>
    </ClCompile>
    <ClCompile Include="..\..\STM32Cube_FW_F4\Middlewares\ST\STM32_USB_Host_Library\Class\MSC\Src\usbh_msc_scsi.c">
      <Filter>USBH</Filter>
    </ClCompile>
    <ClCompile Include="..\..\STM32Cube_FW_F4\Middlewares\ST\STM32_USB_Host_Library\Core\Src\usbh_core.c">
      <Filter>USBH</Filter>
    </ClCompile>
    <ClCompile Include="..\..\STM32Cube_FW_F4\Middlewares\ST\STM32_USB_Host_Library\Core\Src\usbh_ctlreq.c">
      <Filter>USBH</Filter>
    </ClCompile>
    <ClCompile Include="..\..\STM32Cube_FW_F4\Middlewares\ST\STM32_USB_Host_Library\Core\Src\usbh_ioreq.c">
      <Filter>USBH</Filter>
    </ClCompile>
    <ClCompile Include="..\..\STM32Cube_FW_F4\Middlewares\ST\STM32_USB_Host_Library\Core\Src\usbh_pipes.c">
      <Filter>USBH</Filter>
    </ClCompile>
    <ClCompile Include="..\..\S8-54\Bootloader\src\Display\font\Font.c">
      <Filter>Display\fonts</Filter>
    </ClCompile>
  </ItemGroup>
  <ItemGroup>
    <Filter Include="libs">
      <UniqueIdentifier>{cf036510-d326-427e-a1c8-8a20538e2154}</UniqueIdentifier>
    </Filter>
    <Filter Include="HAL">
      <UniqueIdentifier>{d622ba41-3c6f-48a3-9a57-8579496b6aab}</UniqueIdentifier>
    </Filter>
    <Filter Include="FlashDrive">
      <UniqueIdentifier>{892e5974-0511-4a7f-8363-2a2a989949a0}</UniqueIdentifier>
    </Filter>
    <Filter Include="Hardware">
      <UniqueIdentifier>{f1c11395-a65a-48a2-8aa6-a7d44fed7bc0}</UniqueIdentifier>
    </Filter>
    <Filter Include="Display">
      <UniqueIdentifier>{b43c61bb-d270-44f1-9e20-bef0411f7ae6}</UniqueIdentifier>
    </Filter>
    <Filter Include="Settings">
      <UniqueIdentifier>{2ab0065f-7f17-4b35-ace2-55cae7ba19e0}</UniqueIdentifier>
    </Filter>
    <Filter Include="Panel">
      <UniqueIdentifier>{e400f74c-ccea-4c6c-b28f-2ecc5a529c1c}</UniqueIdentifier>
    </Filter>
    <Filter Include="Utils">
      <UniqueIdentifier>{e7954f41-ea06-4f81-b3b5-015c4b32ee6a}</UniqueIdentifier>
    </Filter>
    <Filter Include="FatFS">
      <UniqueIdentifier>{dfcce40b-06db-4a37-aab6-617257d895dc}</UniqueIdentifier>
    </Filter>
    <Filter Include="USBH">
      <UniqueIdentifier>{44b42b42-bf04-4820-b52a-3ea7806cb7b0}</UniqueIdentifier>
    </Filter>
    <Filter Include="Display\fonts">
      <UniqueIdentifier>{49ff8d09-3805-4f38-a9ce-a27bcbd9531f}</UniqueIdentifier>
    </Filter>
  </ItemGroup>
  <ItemGroup>
    <ClInclude Include="..\..\STM32Cube_FW_F4\Drivers\STM32F4xx_HAL_Driver\Inc\stm32f4xx_hal_flash.h">
      <Filter>HAL</Filter>
    </ClInclude>
    <ClInclude Include="..\..\STM32Cube_FW_F4\Drivers\STM32F4xx_HAL_Driver\Inc\stm32f4xx_hal_flash_ex.h">
      <Filter>HAL</Filter>
    </ClInclude>
    <ClInclude Include="..\..\STM32Cube_FW_F4\Drivers\STM32F4xx_HAL_Driver\Inc\stm32f4xx_hal.h">
      <Filter>HAL</Filter>
    </ClInclude>
    <ClInclude Include="..\..\STM32Cube_FW_F4\Drivers\STM32F4xx_HAL_Driver\Inc\stm32f4xx_hal_cortex.h">
      <Filter>HAL</Filter>
    </ClInclude>
    <ClInclude Include="..\..\S8-54\Bootloader\src\main.h" />
    <ClInclude Include="..\..\S8-54\Bootloader\src\globals.h" />
    <ClInclude Include="..\..\S8-54\Bootloader\src\libs\ffconf.h">
      <Filter>libs</Filter>
    </ClInclude>
    <ClInclude Include="..\..\S8-54\Bootloader\src\libs\stm32f4xx_hal_conf.h">
      <Filter>libs</Filter>
    </ClInclude>
    <ClInclude Include="..\..\S8-54\Bootloader\src\libs\usbh_conf.h">
      <Filter>libs</Filter>
    </ClInclude>
    <ClInclude Include="..\..\S8-54\Bootloader\src\FlashDrive\FlashDrive.h">
      <Filter>FlashDrive</Filter>
    </ClInclude>
    <ClInclude Include="..\..\S8-54\Bootloader\src\Hardware\FLASH.h">
      <Filter>Hardware</Filter>
    </ClInclude>
    <ClInclude Include="..\..\S8-54\Bootloader\src\Display\Display.h">
      <Filter>Display</Filter>
    </ClInclude>
    <ClInclude Include="..\..\S8-54\Bootloader\src\Display\Painter.h">
      <Filter>Display</Filter>
    </ClInclude>
    <ClInclude Include="..\..\S8-54\Bootloader\src\Display\PainterC.h">
      <Filter>Display</Filter>
    </ClInclude>
    <ClInclude Include="..\..\S8-54\Bootloader\src\Display\DisplayTypes.h">
      <Filter>Display</Filter>
    </ClInclude>
    <ClInclude Include="..\..\S8-54\Bootloader\src\Display\Colors.h">
      <Filter>Display</Filter>
    </ClInclude>
    <ClInclude Include="..\..\S8-54\Bootloader\src\Display\PainterText.h">
      <Filter>Display</Filter>
    </ClInclude>
    <ClInclude Include="..\..\S8-54\Bootloader\src\Settings\Settings.h">
      <Filter>Settings</Filter>
    </ClInclude>
    <ClInclude Include="..\..\S8-54\Bootloader\src\Settings\SettingsTypes.h">
      <Filter>Settings</Filter>
    </ClInclude>
    <ClInclude Include="..\..\S8-54\Bootloader\src\Panel\Controls.h">
      <Filter>Panel</Filter>
    </ClInclude>
    <ClInclude Include="..\..\S8-54\Bootloader\src\Panel\Panel.h">
      <Filter>Panel</Filter>
    </ClInclude>
    <ClInclude Include="..\..\S8-54\Bootloader\src\Hardware\FSMC.h">
      <Filter>Hardware</Filter>
    </ClInclude>
    <ClInclude Include="..\..\S8-54\Bootloader\src\Hardware\Hardware.h">
      <Filter>Hardware</Filter>
    </ClInclude>
    <ClInclude Include="..\..\S8-54\Bootloader\src\Hardware\Timer.h">
      <Filter>Hardware</Filter>
    </ClInclude>
    <ClInclude Include="..\..\S8-54\Bootloader\src\Utils\GlobalFunctions.h">
      <Filter>Utils</Filter>
    </ClInclude>
    <ClInclude Include="..\..\S8-54\Bootloader\src\Utils\Math.h">
      <Filter>Utils</Filter>
    </ClInclude>
    <ClInclude Include="..\..\STM32Cube_FW_F4\Drivers\STM32F4xx_HAL_Driver\Inc\stm32f4xx_hal_dma.h">
      <Filter>HAL</Filter>
    </ClInclude>
    <ClInclude Include="..\..\STM32Cube_FW_F4\Drivers\STM32F4xx_HAL_Driver\Inc\stm32f4xx_hal_gpio.h">
      <Filter>HAL</Filter>
    </ClInclude>
    <ClInclude Include="..\..\STM32Cube_FW_F4\Drivers\STM32F4xx_HAL_Driver\Inc\stm32f4xx_hal_gpio_ex.h">
      <Filter>HAL</Filter>
    </ClInclude>
    <ClInclude Include="..\..\STM32Cube_FW_F4\Drivers\STM32F4xx_HAL_Driver\Inc\stm32f4xx_hal_hcd.h">
      <Filter>HAL</Filter>
    </ClInclude>
    <ClInclude Include="..\..\STM32Cube_FW_F4\Drivers\STM32F4xx_HAL_Driver\Inc\stm32f4xx_hal_rcc.h">
      <Filter>HAL</Filter>
    </ClInclude>
    <ClInclude Include="..\..\STM32Cube_FW_F4\Drivers\STM32F4xx_HAL_Driver\Inc\stm32f4xx_hal_spi.h">
      <Filter>HAL</Filter>
    </ClInclude>
    <ClInclude Include="..\..\STM32Cube_FW_F4\Drivers\STM32F4xx_HAL_Driver\Inc\stm32f4xx_hal_sram.h">
      <Filter>HAL</Filter>
    </ClInclude>
    <ClInclude Include="..\..\STM32Cube_FW_F4\Drivers\STM32F4xx_HAL_Driver\Inc\stm32f4xx_hal_tim.h">
      <Filter>HAL</Filter>
    </ClInclude>
    <ClInclude Include="..\..\STM32Cube_FW_F4\Drivers\STM32F4xx_HAL_Driver\Inc\stm32f4xx_hal_tim_ex.h">
      <Filter>HAL</Filter>
    </ClInclude>
    <ClInclude Include="..\..\STM32Cube_FW_F4\Drivers\STM32F4xx_HAL_Driver\Inc\stm32f4xx_ll_fmc.h">
      <Filter>HAL</Filter>
    </ClInclude>
    <ClInclude Include="..\..\STM32Cube_FW_F4\Drivers\STM32F4xx_HAL_Driver\Inc\stm32f4xx_ll_usb.h">
      <Filter>HAL</Filter>
    </ClInclude>
    <ClInclude Include="..\..\STM32Cube_FW_F4\Middlewares\Third_Party\FatFs\src\diskio.h">
      <Filter>FatFS</Filter>
    </ClInclude>
    <ClInclude Include="..\..\STM32Cube_FW_F4\Middlewares\Third_Party\FatFs\src\ff.h">
      <Filter>FatFS</Filter>
    </ClInclude>
    <ClInclude Include="..\..\STM32Cube_FW_F4\Middlewares\Third_Party\FatFs\src\ff_gen_drv.h">
      <Filter>FatFS</Filter>
    </ClInclude>
    <ClInclude Include="..\..\STM32Cube_FW_F4\Middlewares\Third_Party\FatFs\src\drivers\usbh_diskio.h">
      <Filter>FatFS</Filter>
    </ClInclude>
    <ClInclude Include="..\..\STM32Cube_FW_F4\Middlewares\ST\STM32_USB_Host_Library\Class\MSC\Inc\usbh_msc.h">
      <Filter>USBH</Filter>
    </ClInclude>
    <ClInclude Include="..\..\STM32Cube_FW_F4\Middlewares\ST\STM32_USB_Host_Library\Class\MSC\Inc\usbh_msc_bot.h">
      <Filter>USBH</Filter>
    </ClInclude>
    <ClInclude Include="..\..\STM32Cube_FW_F4\Middlewares\ST\STM32_USB_Host_Library\Class\MSC\Inc\usbh_msc_scsi.h">
      <Filter>USBH</Filter>
    </ClInclude>
    <ClInclude Include="..\..\STM32Cube_FW_F4\Middlewares\ST\STM32_USB_Host_Library\Core\Inc\usbh_core.h">
      <Filter>USBH</Filter>
    </ClInclude>
    <ClInclude Include="..\..\STM32Cube_FW_F4\Middlewares\ST\STM32_USB_Host_Library\Core\Inc\usbh_ctlreq.h">
      <Filter>USBH</Filter>
    </ClInclude>
    <ClInclude Include="..\..\STM32Cube_FW_F4\Middlewares\ST\STM32_USB_Host_Library\Core\Inc\usbh_ioreq.h">
      <Filter>USBH</Filter>
    </ClInclude>
    <ClInclude Include="..\..\STM32Cube_FW_F4\Middlewares\ST\STM32_USB_Host_Library\Core\Inc\usbh_pipes.h">
      <Filter>USBH</Filter>
    </ClInclude>
    <ClInclude Include="..\..\S8-54\Bootloader\src\defines.h" />
    <ClInclude Include="..\..\S8-54\Bootloader\src\Display\font\Font.h">
      <Filter>Display\fonts</Filter>
    </ClInclude>
  </ItemGroup>
  <ItemGroup>
    <None Include="..\..\S8-54\Bootloader\src\libs\startup_stm32f437xx.s">
      <Filter>libs</Filter>
    </None>
    <None Include="..\..\S8-54\Bootloader\src\Display\font\font8.inc">
      <Filter>Display\fonts</Filter>
    </None>
  </ItemGroup>
  <ItemGroup>
    <Text Include="..\..\STM32Cube_FW_F4\Middlewares\Third_Party\FatFs\src\00readme.txt">
      <Filter>FatFS</Filter>
    </Text>
  </ItemGroup>
</Project>